<?xml version="1.0" encoding="utf-8"?>
<Project ToolsVersion="4.0" xmlns="http://schemas.microsoft.com/developer/msbuild/2003">
  <ItemGroup>
    <Filter Include="Object">
      <UniqueIdentifier>{3e7f308f-50e2-43dc-b165-aed461fc5675}</UniqueIdentifier>
    </Filter>
    <Filter Include="Camera">
      <UniqueIdentifier>{70960557-54f1-4cc6-bf7f-6764752a7916}</UniqueIdentifier>
    </Filter>
    <Filter Include="Light">
      <UniqueIdentifier>{97cf44f7-b6f9-43a7-9a8a-89081ceb772c}</UniqueIdentifier>
    </Filter>
    <Filter Include="Shader">
      <UniqueIdentifier>{b65c726f-4fb0-40f7-94bb-464cc62f4f2e}</UniqueIdentifier>
    </Filter>
    <Filter Include="Utils">
      <UniqueIdentifier>{7fb111e4-e5c9-4510-bd67-2a28eda62020}</UniqueIdentifier>
    </Filter>
  </ItemGroup>
  <ItemGroup>
    <ClCompile Include="object.cpp">
      <Filter>Object</Filter>
    </ClCompile>
    <ClCompile Include="base.cpp">
      <Filter>Object</Filter>
    </ClCompile>
    <ClCompile Include="player.cpp">
      <Filter>Object</Filter>
    </ClCompile>
    <ClCompile Include="wall.cpp">
      <Filter>Object</Filter>
    </ClCompile>
    <ClCompile Include="camera.cpp">
      <Filter>Camera</Filter>
    </ClCompile>
    <ClCompile Include="Light.cpp">
      <Filter>Light</Filter>
    </ClCompile>
    <ClCompile Include="shader.cpp">
      <Filter>Shader</Filter>
    </ClCompile>
    <ClCompile Include="main.cpp" />
    <ClCompile Include="Map.cpp">
      <Filter>Object</Filter>
    </ClCompile>
    <ClCompile Include="FileIn.cpp">
      <Filter>Utils</Filter>
    </ClCompile>
    <ClCompile Include="Image.cpp">
      <Filter>Utils</Filter>
    </ClCompile>
  </ItemGroup>
  <ItemGroup>
    <ClInclude Include="object.h">
      <Filter>Object</Filter>
    </ClInclude>
    <ClInclude Include="base.h">
      <Filter>Object</Filter>
    </ClInclude>
    <ClInclude Include="player.h">
      <Filter>Object</Filter>
    </ClInclude>
    <ClInclude Include="wall.h">
      <Filter>Object</Filter>
    </ClInclude>
    <ClInclude Include="camera.h">
      <Filter>Camera</Filter>
    </ClInclude>
    <ClInclude Include="Light.h">
      <Filter>Light</Filter>
    </ClInclude>
    <ClInclude Include="shaders.h">
      <Filter>Shader</Filter>
    </ClInclude>
    <ClInclude Include="Map.h">
      <Filter>Object</Filter>
    </ClInclude>
    <ClInclude Include="FileIn.h">
      <Filter>Utils</Filter>
    </ClInclude>
    <ClInclude Include="Image.h">
      <Filter>Utils</Filter>
    </ClInclude>
    <ClInclude Include="stb_image.h">
      <Filter>Utils</Filter>
    </ClInclude>
    <ClInclude Include="stdafx.h">
      <Filter>Utils</Filter>
    </ClInclude>
  </ItemGroup>
  <ItemGroup>
    <None Include="fragment.glsl">
      <Filter>Shader</Filter>
    </None>
    <None Include="vertex.glsl">
      <Filter>Shader</Filter>
    </None>
  </ItemGroup>
</Project>