
Microsoft Visual Studio Solution File, Format Version 12.00
# Visual Studio Version 17
VisualStudioVersion = 17.10.35013.160
MinimumVisualStudioVersion = 10.0.40219.1
Project("{8BC9CEB8-8B4A-11D0-8D11-00A0C91BC942}") = "NGP_TermProject", "NGP_TermProject.vcxproj", "{C99835E2-297F-4EFD-96ED-0EF5EFD8B9DF}"
EndProject
Project("{8BC9CEB8-8B4A-11D0-8D11-00A0C91BC942}") = "Utility", "Utility\Utility.vcxproj", "{EF04C6C8-9B73-4F10-B29F-6B21635FE0D6}"
EndProject
Project("{8BC9CEB8-8B4A-11D0-8D11-00A0C91BC942}") = "Server", "Server\Server.vcxproj", "{C0616A85-DA4E-45AA-B7B8-8D975542D5A1}"
	ProjectSection(ProjectDependencies) = postProject
		{EF04C6C8-9B73-4F10-B29F-6B21635FE0D6} = {EF04C6C8-9B73-4F10-B29F-6B21635FE0D6}
	EndProjectSection
EndProject
Global
	GlobalSection(SolutionConfigurationPlatforms) = preSolution
		Debug|x64 = Debug|x64
		Debug|x86 = Debug|x86
		Release|x64 = Release|x64
		Release|x86 = Release|x86
	EndGlobalSection
	GlobalSection(ProjectConfigurationPlatforms) = postSolution
		{C99835E2-297F-4EFD-96ED-0EF5EFD8B9DF}.Debug|x64.ActiveCfg = Debug|x64
		{C99835E2-297F-4EFD-96ED-0EF5EFD8B9DF}.Debug|x64.Build.0 = Debug|x64
		{C99835E2-297F-4EFD-96ED-0EF5EFD8B9DF}.Debug|x86.ActiveCfg = Debug|Win32
		{C99835E2-297F-4EFD-96ED-0EF5EFD8B9DF}.Debug|x86.Build.0 = Debug|Win32
		{C99835E2-297F-4EFD-96ED-0EF5EFD8B9DF}.Release|x64.ActiveCfg = Release|x64
		{C99835E2-297F-4EFD-96ED-0EF5EFD8B9DF}.Release|x64.Build.0 = Release|x64
		{C99835E2-297F-4EFD-96ED-0EF5EFD8B9DF}.Release|x86.ActiveCfg = Release|Win32
		{C99835E2-297F-4EFD-96ED-0EF5EFD8B9DF}.Release|x86.Build.0 = Release|Win32
		{EF04C6C8-9B73-4F10-B29F-6B21635FE0D6}.Debug|x64.ActiveCfg = Debug|x64
		{EF04C6C8-9B73-4F10-B29F-6B21635FE0D6}.Debug|x64.Build.0 = Debug|x64
		{EF04C6C8-9B73-4F10-B29F-6B21635FE0D6}.Debug|x86.ActiveCfg = Debug|Win32
		{EF04C6C8-9B73-4F10-B29F-6B21635FE0D6}.Debug|x86.Build.0 = Debug|Win32
		{EF04C6C8-9B73-4F10-B29F-6B21635FE0D6}.Release|x64.ActiveCfg = Release|x64
		{EF04C6C8-9B73-4F10-B29F-6B21635FE0D6}.Release|x64.Build.0 = Release|x64
		{EF04C6C8-9B73-4F10-B29F-6B21635FE0D6}.Release|x86.ActiveCfg = Release|Win32
		{EF04C6C8-9B73-4F10-B29F-6B21635FE0D6}.Release|x86.Build.0 = Release|Win32
		{C0616A85-DA4E-45AA-B7B8-8D975542D5A1}.Debug|x64.ActiveCfg = Debug|x64
		{C0616A85-DA4E-45AA-B7B8-8D975542D5A1}.Debug|x64.Build.0 = Debug|x64
		{C0616A85-DA4E-45AA-B7B8-8D975542D5A1}.Debug|x86.ActiveCfg = Debug|Win32
		{C0616A85-DA4E-45AA-B7B8-8D975542D5A1}.Debug|x86.Build.0 = Debug|Win32
		{C0616A85-DA4E-45AA-B7B8-8D975542D5A1}.Release|x64.ActiveCfg = Release|x64
		{C0616A85-DA4E-45AA-B7B8-8D975542D5A1}.Release|x64.Build.0 = Release|x64
		{C0616A85-DA4E-45AA-B7B8-8D975542D5A1}.Release|x86.ActiveCfg = Release|Win32
		{C0616A85-DA4E-45AA-B7B8-8D975542D5A1}.Release|x86.Build.0 = Release|Win32
	EndGlobalSection
	GlobalSection(SolutionProperties) = preSolution
		HideSolutionNode = FALSE
	EndGlobalSection
	GlobalSection(ExtensibilityGlobals) = postSolution
		SolutionGuid = {BA2E329E-45D5-4D10-A932-448ED9701EB3}
	EndGlobalSection
EndGlobal
