<?xml version="1.0" encoding="utf-8"?>
<Project ToolsVersion="4.0" xmlns="http://schemas.microsoft.com/developer/msbuild/2003">
  <ItemGroup>
    <Filter Include="pch">
      <UniqueIdentifier>{38ac07c1-5ae7-4950-80a8-da6326311c4f}</UniqueIdentifier>
    </Filter>
    <Filter Include="01.Game">
      <UniqueIdentifier>{e1e0594d-a142-49a9-8696-1611f4684233}</UniqueIdentifier>
    </Filter>
    <Filter Include="02.Core">
      <UniqueIdentifier>{e3a98475-926a-4072-bea3-78fa77d56b5c}</UniqueIdentifier>
    </Filter>
    <Filter Include="00.Main">
      <UniqueIdentifier>{df633236-188b-4b79-8f65-e1f48f44ef83}</UniqueIdentifier>
    </Filter>
    <Filter Include="03.Resource">
      <UniqueIdentifier>{45379a1b-3145-40c4-8474-364182488065}</UniqueIdentifier>
    </Filter>
    <Filter Include="04.HLSL">
      <UniqueIdentifier>{a530b9b4-8abc-4d4d-9b0c-6706f135c987}</UniqueIdentifier>
    </Filter>
    <Filter Include="05.GameObject">
      <UniqueIdentifier>{2d052aae-f171-4245-a58d-d986cd64955c}</UniqueIdentifier>
    </Filter>
    <Filter Include="06.Scene">
      <UniqueIdentifier>{29f53f71-5c96-4a49-ab90-585c18cc50ab}</UniqueIdentifier>
    </Filter>
    <Filter Include="07.Manager">
      <UniqueIdentifier>{9aacc3b9-d944-4098-a657-75f4436cd403}</UniqueIdentifier>
    </Filter>
    <Filter Include="05.GameObject\00.GameObject">
      <UniqueIdentifier>{dcbc4c0a-3dcb-472f-aa7d-4fdef4774971}</UniqueIdentifier>
    </Filter>
    <Filter Include="05.GameObject\01.CustomObject">
      <UniqueIdentifier>{48a6d378-899d-47bc-a09a-a95eb6f6c7bf}</UniqueIdentifier>
    </Filter>
    <Filter Include="08.Camera">
      <UniqueIdentifier>{d8bbf631-49f0-4334-9f6e-225309850a2a}</UniqueIdentifier>
    </Filter>
    <Filter Include="05.GameObject\02.ModelObject">
      <UniqueIdentifier>{918d7df1-fc4e-411a-855d-6fb70ef66e74}</UniqueIdentifier>
    </Filter>
    <Filter Include="05.GameObject\03.HireacyObject">
      <UniqueIdentifier>{236d5d3e-c2e5-49bc-9e1a-846aa52a1124}</UniqueIdentifier>
    </Filter>
    <Filter Include="03.Resource\Collider">
      <UniqueIdentifier>{d29d2cb6-31f5-49b8-9f0f-36088452b5fa}</UniqueIdentifier>
    </Filter>
    <Filter Include="리소스 파일">
      <UniqueIdentifier>{67DA6AB6-F800-4c08-8B7A-83BB121AAD01}</UniqueIdentifier>
      <Extensions>rc;ico;cur;bmp;dlg;rc2;rct;bin;rgs;gif;jpg;jpeg;jpe;resx;tiff;tif;png;wav;mfcribbon-ms</Extensions>
    </Filter>
    <Filter Include="리소스 파일\Utils">
      <UniqueIdentifier>{df27f001-bb9d-491c-a9a8-ccd65aeb2505}</UniqueIdentifier>
    </Filter>
    <Filter Include="02.Core\core">
      <UniqueIdentifier>{46a8a73e-4fa0-4f7f-a58e-8c24c4ee95ca}</UniqueIdentifier>
    </Filter>
  </ItemGroup>
  <ItemGroup>
    <ClInclude Include="Client.h">
      <Filter>00.Main</Filter>
    </ClInclude>
    <ClInclude Include="Resource.h">
      <Filter>리소스 파일\Utils</Filter>
    </ClInclude>
    <ClInclude Include="targetver.h">
      <Filter>리소스 파일\Utils</Filter>
    </ClInclude>
    <ClInclude Include="pch.h">
      <Filter>pch</Filter>
    </ClInclude>
    <ClInclude Include="d3dx12.h">
      <Filter>리소스 파일\Utils</Filter>
    </ClInclude>
    <ClInclude Include="tinyxml2.h">
      <Filter>리소스 파일\Utils</Filter>
    </ClInclude>
    <ClInclude Include="RootSignature.h">
      <Filter>02.Core</Filter>
    </ClInclude>
    <ClInclude Include="Game.h">
      <Filter>01.Game</Filter>
    </ClInclude>
    <ClInclude Include="Mesh.h">
      <Filter>03.Resource</Filter>
    </ClInclude>
    <ClInclude Include="RenderTargets.h">
      <Filter>02.Core</Filter>
    </ClInclude>
    <ClInclude Include="D3D12ResourceManager.h">
      <Filter>02.Core</Filter>
    </ClInclude>
    <ClInclude Include="BufferPool.h">
      <Filter>02.Core</Filter>
    </ClInclude>
    <ClInclude Include="Texture.h">
      <Filter>03.Resource</Filter>
    </ClInclude>
    <ClInclude Include="Shader.h">
      <Filter>03.Resource</Filter>
    </ClInclude>
    <ClInclude Include="Material.h">
      <Filter>03.Resource</Filter>
    </ClInclude>
    <ClInclude Include="Transform.h">
      <Filter>03.Resource</Filter>
    </ClInclude>
    <ClInclude Include="Scene.h">
      <Filter>06.Scene</Filter>
    </ClInclude>
    <ClInclude Include="SceneManager.h">
      <Filter>06.Scene</Filter>
    </ClInclude>
    <ClInclude Include="Stage1.h">
      <Filter>06.Scene</Filter>
    </ClInclude>
    <ClInclude Include="KeyManager.h">
      <Filter>07.Manager</Filter>
    </ClInclude>
    <ClInclude Include="TimeManager.h">
      <Filter>07.Manager</Filter>
    </ClInclude>
    <ClInclude Include="GeoMetryHelper.h">
      <Filter>리소스 파일\Utils</Filter>
    </ClInclude>
    <ClInclude Include="GameObject.h">
      <Filter>05.GameObject\00.GameObject</Filter>
    </ClInclude>
    <ClInclude Include="CustomObject.h">
      <Filter>05.GameObject\01.CustomObject</Filter>
    </ClInclude>
    <ClInclude Include="Terrain.h">
      <Filter>05.GameObject\01.CustomObject</Filter>
    </ClInclude>
    <ClInclude Include="Camera.h">
      <Filter>08.Camera</Filter>
    </ClInclude>
    <ClInclude Include="ResourceManager.h">
      <Filter>07.Manager</Filter>
    </ClInclude>
    <ClInclude Include="Model.h">
      <Filter>03.Resource</Filter>
    </ClInclude>
    <ClInclude Include="Utils.h">
      <Filter>리소스 파일\Utils</Filter>
    </ClInclude>
    <ClInclude Include="ModelObject.h">
      <Filter>05.GameObject\02.ModelObject</Filter>
    </ClInclude>
    <ClInclude Include="ResourceBase.h">
      <Filter>03.Resource</Filter>
    </ClInclude>
    <ClInclude Include="LightManager.h">
      <Filter>07.Manager</Filter>
    </ClInclude>
    <ClInclude Include="CameraManager.h">
      <Filter>08.Camera</Filter>
    </ClInclude>
    <ClInclude Include="HireacyObject.h">
      <Filter>05.GameObject\03.HireacyObject</Filter>
    </ClInclude>
    <ClInclude Include="TransformTree.h">
      <Filter>03.Resource</Filter>
    </ClInclude>
    <ClInclude Include="Player.h">
      <Filter>05.GameObject\03.HireacyObject</Filter>
    </ClInclude>
    <ClInclude Include="BaseCollider.h">
      <Filter>03.Resource\Collider</Filter>
    </ClInclude>
    <ClInclude Include="BoxCollider.h">
      <Filter>03.Resource\Collider</Filter>
    </ClInclude>
    <ClInclude Include="CollisonManager.h">
      <Filter>07.Manager</Filter>
    </ClInclude>
    <ClInclude Include="Box.h">
      <Filter>05.GameObject\02.ModelObject</Filter>
    </ClInclude>
    <ClInclude Include="simple_mesh_LH.h">
      <Filter>리소스 파일\Utils</Filter>
    </ClInclude>
    <ClInclude Include="SphereCollider.h">
      <Filter>03.Resource\Collider</Filter>
    </ClInclude>
    <ClInclude Include="Sphere.h">
      <Filter>05.GameObject\02.ModelObject</Filter>
    </ClInclude>
    <ClInclude Include="Sea.h">
      <Filter>05.GameObject\01.CustomObject</Filter>
    </ClInclude>
    <ClInclude Include="Enemy.h">
      <Filter>05.GameObject\03.HireacyObject</Filter>
    </ClInclude>
    <ClInclude Include="PlayerBullet.h">
      <Filter>05.GameObject\02.ModelObject</Filter>
    </ClInclude>
    <ClInclude Include="StartScene.h">
      <Filter>07.Manager</Filter>
    </ClInclude>
    <ClInclude Include="EnemyBullet.h">
      <Filter>05.GameObject\02.ModelObject</Filter>
    </ClInclude>
    <ClInclude Include="BilboardObject.h">
      <Filter>05.GameObject\01.CustomObject</Filter>
    </ClInclude>
    <ClInclude Include="SteamOutputBuffer.h">
      <Filter>03.Resource</Filter>
    </ClInclude>
    <ClInclude Include="BufferManager.h">
      <Filter>02.Core</Filter>
    </ClInclude>
    <ClInclude Include="Compute.h">
      <Filter>02.Core\core</Filter>
    </ClInclude>
    <ClInclude Include="Core.h">
      <Filter>02.Core\core</Filter>
    </ClInclude>
    <ClInclude Include="Graphics.h">
      <Filter>02.Core\core</Filter>
    </ClInclude>
  </ItemGroup>
  <ItemGroup>
    <ResourceCompile Include="Client.rc">
      <Filter>리소스 파일</Filter>
    </ResourceCompile>
  </ItemGroup>
  <ItemGroup>
    <Image Include="small.ico">
      <Filter>리소스 파일</Filter>
    </Image>
    <Image Include="Client.ico">
      <Filter>리소스 파일</Filter>
    </Image>
    <Image Include="..\Resources\Texture\earth\1_earth_8k.dds">
      <Filter>리소스 파일</Filter>
    </Image>
  </ItemGroup>
  <ItemGroup>
    <ClCompile Include="Client.cpp">
      <Filter>00.Main</Filter>
    </ClCompile>
    <ClCompile Include="pch.cpp">
      <Filter>pch</Filter>
    </ClCompile>
    <ClCompile Include="tinyxml2.cpp">
      <Filter>리소스 파일\Utils</Filter>
    </ClCompile>
    <ClCompile Include="RootSignature.cpp">
      <Filter>02.Core</Filter>
    </ClCompile>
    <ClCompile Include="Game.cpp">
      <Filter>01.Game</Filter>
    </ClCompile>
    <ClCompile Include="Mesh.cpp">
      <Filter>03.Resource</Filter>
    </ClCompile>
    <ClCompile Include="RenderTargets.cpp">
      <Filter>02.Core</Filter>
    </ClCompile>
    <ClCompile Include="D3D12ResourceManager.cpp">
      <Filter>02.Core</Filter>
    </ClCompile>
    <ClCompile Include="BufferPool.cpp">
      <Filter>02.Core</Filter>
    </ClCompile>
    <ClCompile Include="Texture.cpp">
      <Filter>03.Resource</Filter>
    </ClCompile>
    <ClCompile Include="Shader.cpp">
      <Filter>03.Resource</Filter>
    </ClCompile>
    <ClCompile Include="Material.cpp">
      <Filter>03.Resource</Filter>
    </ClCompile>
    <ClCompile Include="Transform.cpp">
      <Filter>03.Resource</Filter>
    </ClCompile>
    <ClCompile Include="Scene.cpp">
      <Filter>06.Scene</Filter>
    </ClCompile>
    <ClCompile Include="SceneManager.cpp">
      <Filter>06.Scene</Filter>
    </ClCompile>
    <ClCompile Include="Stage1.cpp">
      <Filter>06.Scene</Filter>
    </ClCompile>
    <ClCompile Include="KeyManager.cpp">
      <Filter>07.Manager</Filter>
    </ClCompile>
    <ClCompile Include="TimeManager.cpp">
      <Filter>07.Manager</Filter>
    </ClCompile>
    <ClCompile Include="GeoMetryHelper.cpp">
      <Filter>리소스 파일\Utils</Filter>
    </ClCompile>
    <ClCompile Include="GameObject.cpp">
      <Filter>05.GameObject\00.GameObject</Filter>
    </ClCompile>
    <ClCompile Include="CustomObject.cpp">
      <Filter>05.GameObject\01.CustomObject</Filter>
    </ClCompile>
    <ClCompile Include="Terrain.cpp">
      <Filter>05.GameObject\01.CustomObject</Filter>
    </ClCompile>
    <ClCompile Include="Camera.cpp">
      <Filter>08.Camera</Filter>
    </ClCompile>
    <ClCompile Include="ResourceManager.cpp">
      <Filter>07.Manager</Filter>
    </ClCompile>
    <ClCompile Include="Model.cpp">
      <Filter>03.Resource</Filter>
    </ClCompile>
    <ClCompile Include="Utils.cpp">
      <Filter>리소스 파일\Utils</Filter>
    </ClCompile>
    <ClCompile Include="ModelObject.cpp">
      <Filter>05.GameObject\02.ModelObject</Filter>
    </ClCompile>
    <ClCompile Include="ResourceBase.cpp">
      <Filter>03.Resource</Filter>
    </ClCompile>
    <ClCompile Include="LightManager.cpp">
      <Filter>07.Manager</Filter>
    </ClCompile>
    <ClCompile Include="CameraManager.cpp">
      <Filter>08.Camera</Filter>
    </ClCompile>
    <ClCompile Include="HireacyObject.cpp">
      <Filter>05.GameObject\03.HireacyObject</Filter>
    </ClCompile>
    <ClCompile Include="TransformTree.cpp">
      <Filter>03.Resource</Filter>
    </ClCompile>
    <ClCompile Include="Player.cpp">
      <Filter>05.GameObject\03.HireacyObject</Filter>
    </ClCompile>
    <ClCompile Include="BaseCollider.cpp">
      <Filter>03.Resource\Collider</Filter>
    </ClCompile>
    <ClCompile Include="BoxCollider.cpp">
      <Filter>03.Resource\Collider</Filter>
    </ClCompile>
    <ClCompile Include="CollisonManager.cpp">
      <Filter>07.Manager</Filter>
    </ClCompile>
    <ClCompile Include="Box.cpp">
      <Filter>05.GameObject\02.ModelObject</Filter>
    </ClCompile>
    <ClCompile Include="simple_mesh_LH.cpp">
      <Filter>리소스 파일\Utils</Filter>
    </ClCompile>
    <ClCompile Include="SphereCollider.cpp">
      <Filter>03.Resource\Collider</Filter>
    </ClCompile>
    <ClCompile Include="Sphere.cpp">
      <Filter>05.GameObject\02.ModelObject</Filter>
    </ClCompile>
    <ClCompile Include="Sea.cpp">
      <Filter>05.GameObject\01.CustomObject</Filter>
    </ClCompile>
    <ClCompile Include="StartScene.cpp">
      <Filter>06.Scene</Filter>
    </ClCompile>
    <ClCompile Include="Enemy.cpp">
      <Filter>05.GameObject\03.HireacyObject</Filter>
    </ClCompile>
    <ClCompile Include="PlayerBullet.cpp">
      <Filter>05.GameObject\02.ModelObject</Filter>
    </ClCompile>
    <ClCompile Include="EnemyBullet.cpp">
      <Filter>05.GameObject\02.ModelObject</Filter>
    </ClCompile>
    <ClCompile Include="BilboardObject.cpp">
      <Filter>05.GameObject\01.CustomObject</Filter>
    </ClCompile>
    <ClCompile Include="SteamOutputBuffer.cpp">
      <Filter>03.Resource</Filter>
    </ClCompile>
    <ClCompile Include="BufferManager.cpp">
      <Filter>02.Core</Filter>
    </ClCompile>
    <ClCompile Include="Core.cpp">
      <Filter>02.Core\core</Filter>
    </ClCompile>
    <ClCompile Include="Compute.cpp">
      <Filter>02.Core\core</Filter>
    </ClCompile>
    <ClCompile Include="Graphics.cpp">
      <Filter>02.Core\core</Filter>
    </ClCompile>
  </ItemGroup>
  <ItemGroup>
    <FxCompile Include="..\Resources\Shader\default.hlsl">
      <Filter>04.HLSL</Filter>
    </FxCompile>
    <FxCompile Include="..\Resources\Shader\sky.hlsl">
      <Filter>04.HLSL</Filter>
    </FxCompile>
    <FxCompile Include="..\Resources\Shader\terrain.hlsl">
      <Filter>04.HLSL</Filter>
    </FxCompile>
    <FxCompile Include="..\Resources\Shader\light.hlsl">
      <Filter>04.HLSL</Filter>
    </FxCompile>
    <FxCompile Include="..\Resources\Shader\boundingbox.hlsl">
      <Filter>04.HLSL</Filter>
    </FxCompile>
    <FxCompile Include="..\Resources\Shader\deferred.hlsl">
      <Filter>04.HLSL</Filter>
    </FxCompile>
    <FxCompile Include="..\Resources\Shader\final.hlsl">
      <Filter>04.HLSL</Filter>
    </FxCompile>
    <FxCompile Include="..\Resources\Shader\blendingsea.hlsl">
      <Filter>04.HLSL</Filter>
    </FxCompile>
    <FxCompile Include="..\Resources\Shader\uishader.hlsl">
      <Filter>04.HLSL</Filter>
    </FxCompile>
    <FxCompile Include="..\Resources\Shader\uishaderClip.hlsl">
      <Filter>04.HLSL</Filter>
    </FxCompile>
    <FxCompile Include="..\Resources\Shader\Bilboard.hlsl">
      <Filter>04.HLSL</Filter>
    </FxCompile>
    <FxCompile Include="..\Resources\Shader\BilboardStreamOutput.hlsl">
      <Filter>04.HLSL</Filter>
    </FxCompile>
    <FxCompile Include="..\Resources\Shader\BilboardRender.hlsl">
      <Filter>04.HLSL</Filter>
    </FxCompile>
    <FxCompile Include="..\Resources\Shader\sea.hlsl">
      <Filter>04.HLSL</Filter>
    </FxCompile>
    <FxCompile Include="..\Resources\Shader\seatest.hlsl">
      <Filter>04.HLSL</Filter>
    </FxCompile>
    <FxCompile Include="..\Resources\Shader\seatest2.hlsl">
      <Filter>04.HLSL</Filter>
    </FxCompile>
    <FxCompile Include="..\Resources\Shader\compute.hlsl">
      <Filter>04.HLSL</Filter>
    </FxCompile>
  </ItemGroup>
  <ItemGroup>
    <None Include="SimpleMath_LH.inl">
      <Filter>리소스 파일\Utils</Filter>
    </None>
  </ItemGroup>
  <ItemGroup>
    <Text Include="memo.txt">
      <Filter>리소스 파일\Utils</Filter>
    </Text>
  </ItemGroup>
</Project>