<?xml version="1.0" encoding="utf-8"?>
<Project ToolsVersion="4.0" xmlns="http://schemas.microsoft.com/developer/msbuild/2003">
  <ItemGroup>
    <Filter Include="Utils">
      <UniqueIdentifier>{7fa4e19b-9e86-40dc-b4ec-09835a32eb13}</UniqueIdentifier>
    </Filter>
    <Filter Include="Clinet">
      <UniqueIdentifier>{df02ea14-9fa4-473d-a7e1-d2f6ee912e5a}</UniqueIdentifier>
    </Filter>
    <Filter Include="ThreadManager">
      <UniqueIdentifier>{62070111-292d-453a-82ba-7df325d05bcc}</UniqueIdentifier>
    </Filter>
    <Filter Include="Server">
      <UniqueIdentifier>{81516da8-0eed-4631-9777-9ce356d534dc}</UniqueIdentifier>
    </Filter>
  </ItemGroup>
  <ItemGroup>
    <ClInclude Include="pch.h">
      <Filter>Utils</Filter>
    </ClInclude>
    <ClInclude Include="ServerPch.h">
      <Filter>Utils</Filter>
    </ClInclude>
    <ClInclude Include="Listener.h">
      <Filter>Server</Filter>
    </ClInclude>
    <ClInclude Include="PacketStructer.h">
      <Filter>Utils</Filter>
    </ClInclude>
    <ClInclude Include="ErrorHandler.h">
      <Filter>Utils</Filter>
    </ClInclude>
    <ClInclude Include="GlobalMacro.h">
      <Filter>Utils</Filter>
    </ClInclude>
    <ClInclude Include="ThreadManager.h">
      <Filter>ThreadManager</Filter>
    </ClInclude>
    <ClInclude Include="ServerManager.h">
      <Filter>Server</Filter>
    </ClInclude>
    <ClInclude Include="ClientManager.h">
      <Filter>Clinet</Filter>
    </ClInclude>
  </ItemGroup>
  <ItemGroup>
    <ClCompile Include="pch.cpp">
      <Filter>Utils</Filter>
    </ClCompile>
    <ClCompile Include="Listener.cpp">
      <Filter>Server</Filter>
    </ClCompile>
    <ClCompile Include="PacketStructer.cpp">
      <Filter>Utils</Filter>
    </ClCompile>
    <ClCompile Include="ErrorHandler.cpp">
      <Filter>Utils</Filter>
    </ClCompile>
    <ClCompile Include="ThreadManager.cpp">
      <Filter>ThreadManager</Filter>
    </ClCompile>
    <ClCompile Include="ServerManager.cpp">
      <Filter>Server</Filter>
    </ClCompile>
    <ClCompile Include="ClientManager.cpp">
      <Filter>Clinet</Filter>
    </ClCompile>
  </ItemGroup>
</Project>